
Microsoft Visual Studio Solution File, Format Version 12.00
# Visual Studio Version 17
VisualStudioVersion = 17.14.36915.13
MinimumVisualStudioVersion = 10.0.40219.1
Project("{FAE04EC0-301F-11D3-BF4B-00C04F79EFBC}") = "Storytime.Core", "Storytime.Core\Storytime.Core.csproj", "{8F22B4EC-604A-4E9D-B104-45149DBA76F8}"
EndProject
Project("{FAE04EC0-301F-11D3-BF4B-00C04F79EFBC}") = "Storytime.Api", "Storytime.Api\Storytime.Api.csproj", "{5D794ECE-FDF8-4AEF-B873-01597E90749A}"
EndProject
Project("{FAE04EC0-301F-11D3-BF4B-00C04F79EFBC}") = "StorytimeApp", "StorytimeApp\StorytimeApp.csproj", "{A28EBB11-E06B-4A57-BB7B-F7CC6FFFA368}"
EndProject
Project("{FAE04EC0-301F-11D3-BF4B-00C04F79EFBC}") = "StorytimeMCP", "StorytimeMCP\StorytimeMCP.csproj", "{228E6EA8-951C-408D-8C89-460E3B69EAFB}"
EndProject
Project("{2150E333-8FDC-42A3-9474-1A3956D46DE8}") = "Solution Items", "Solution Items", "{8EC462FD-D22E-90A8-E5CE-7E832BA40C5D}"
	ProjectSection(SolutionItems) = preProject
		TheCommentThatShouldNotBeThere.md = TheCommentThatShouldNotBeThere.md
	EndProjectSection
EndProject
Global
	GlobalSection(SolutionConfigurationPlatforms) = preSolution
		Debug|Any CPU = Debug|Any CPU
		Release|Any CPU = Release|Any CPU
	EndGlobalSection
	GlobalSection(ProjectConfigurationPlatforms) = postSolution
		{8F22B4EC-604A-4E9D-B104-45149DBA76F8}.Debug|Any CPU.ActiveCfg = Debug|Any CPU
		{8F22B4EC-604A-4E9D-B104-45149DBA76F8}.Debug|Any CPU.Build.0 = Debug|Any CPU
		{8F22B4EC-604A-4E9D-B104-45149DBA76F8}.Release|Any CPU.ActiveCfg = Release|Any CPU
		{8F22B4EC-604A-4E9D-B104-45149DBA76F8}.Release|Any CPU.Build.0 = Release|Any CPU
		{5D794ECE-FDF8-4AEF-B873-01597E90749A}.Debug|Any CPU.ActiveCfg = Debug|Any CPU
		{5D794ECE-FDF8-4AEF-B873-01597E90749A}.Debug|Any CPU.Build.0 = Debug|Any CPU
		{5D794ECE-FDF8-4AEF-B873-01597E90749A}.Release|Any CPU.ActiveCfg = Release|Any CPU
		{5D794ECE-FDF8-4AEF-B873-01597E90749A}.Release|Any CPU.Build.0 = Release|Any CPU
		{A28EBB11-E06B-4A57-BB7B-F7CC6FFFA368}.Debug|Any CPU.ActiveCfg = Debug|Any CPU
		{A28EBB11-E06B-4A57-BB7B-F7CC6FFFA368}.Debug|Any CPU.Build.0 = Debug|Any CPU
		{A28EBB11-E06B-4A57-BB7B-F7CC6FFFA368}.Release|Any CPU.ActiveCfg = Release|Any CPU
		{A28EBB11-E06B-4A57-BB7B-F7CC6FFFA368}.Release|Any CPU.Build.0 = Release|Any CPU
		{228E6EA8-951C-408D-8C89-460E3B69EAFB}.Debug|Any CPU.ActiveCfg = Debug|Any CPU
		{228E6EA8-951C-408D-8C89-460E3B69EAFB}.Debug|Any CPU.Build.0 = Debug|Any CPU
		{228E6EA8-951C-408D-8C89-460E3B69EAFB}.Release|Any CPU.ActiveCfg = Release|Any CPU
		{228E6EA8-951C-408D-8C89-460E3B69EAFB}.Release|Any CPU.Build.0 = Release|Any CPU
	EndGlobalSection
	GlobalSection(SolutionProperties) = preSolution
		HideSolutionNode = FALSE
	EndGlobalSection
	GlobalSection(ExtensibilityGlobals) = postSolution
		SolutionGuid = {E61EA07C-C341-455D-A9B7-28FC29AE024F}
	EndGlobalSection
EndGlobal
